
Microsoft Visual Studio Solution File, Format Version 12.00
# Visual Studio 15
VisualStudioVersion = 15.0.26730.15
MinimumVisualStudioVersion = 10.0.40219.1
Project("{FAE04EC0-301F-11D3-BF4B-00C04F79EFBC}") = "JSNLinkChecker", "JSNLinkChecker\JSNLinkChecker.csproj", "{F324A16A-89F2-4DAB-85D8-29D330A9EEC8}"
EndProject
Global
	GlobalSection(SolutionConfigurationPlatforms) = preSolution
		Debug|Any CPU = Debug|Any CPU
		Release|Any CPU = Release|Any CPU
	EndGlobalSection
	GlobalSection(ProjectConfigurationPlatforms) = postSolution
		{F324A16A-89F2-4DAB-85D8-29D330A9EEC8}.Debug|Any CPU.ActiveCfg = Debug|Any CPU
		{F324A16A-89F2-4DAB-85D8-29D330A9EEC8}.Debug|Any CPU.Build.0 = Debug|Any CPU
		{F324A16A-89F2-4DAB-85D8-29D330A9EEC8}.Release|Any CPU.ActiveCfg = Release|Any CPU
		{F324A16A-89F2-4DAB-85D8-29D330A9EEC8}.Release|Any CPU.Build.0 = Release|Any CPU
	EndGlobalSection
	GlobalSection(SolutionProperties) = preSolution
		HideSolutionNode = FALSE
	EndGlobalSection
	GlobalSection(ExtensibilityGlobals) = postSolution
		SolutionGuid = {9609D1AC-CDF0-471F-A6CF-8D36443240AA}
	EndGlobalSection
EndGlobal
